Microsoft Visual Studio Solution File, Format Version 12.00
# Visual Studio Version 17
VisualStudioVersion = 17.5.2.0
MinimumVisualStudioVersion = 10.0.40219.1
Project("{FAE04EC0-301F-11D3-BF4B-00C04F79EFBC}") = "Senswise.UserService", "Senswise.UserService.csproj", "{4A91737C-3CC6-91E9-3C2A-4D95721B07EE}"
EndProject
Global
	GlobalSection(SolutionConfigurationPlatforms) = preSolution
		Debug|Any CPU = Debug|Any CPU
		Release|Any CPU = Release|Any CPU
	EndGlobalSection
	GlobalSection(ProjectConfigurationPlatforms) = postSolution
		{4A91737C-3CC6-91E9-3C2A-4D95721B07EE}.Debug|Any CPU.ActiveCfg = Debug|Any CPU
		{4A91737C-3CC6-91E9-3C2A-4D95721B07EE}.Debug|Any CPU.Build.0 = Debug|Any CPU
		{4A91737C-3CC6-91E9-3C2A-4D95721B07EE}.Release|Any CPU.ActiveCfg = Release|Any CPU
		{4A91737C-3CC6-91E9-3C2A-4D95721B07EE}.Release|Any CPU.Build.0 = Release|Any CPU
	EndGlobalSection
	GlobalSection(SolutionProperties) = preSolution
		HideSolutionNode = FALSE
	EndGlobalSection
	GlobalSection(ExtensibilityGlobals) = postSolution
		SolutionGuid = {B6B07F56-6EED-4803-9B4F-59EEFC2A2630}
	EndGlobalSection
EndGlobal
